// !$*UTF8*$!
{
	archiveVersion = 1;
	classes = {
	};
	objectVersion = 46;
	objects = {

/* Begin PBXBuildFile section */
		E710D6161E0B941F0009C12E /* Timer.png in Resources */ = {isa = PBXBuildFile; fileRef = E710D6151E0B941F0009C12E /* Timer.png */; };
		E7169FDA1E12D89100821912 /* AddTimeViewController.swift in Sources */ = {isa = PBXBuildFile; fileRef = E7169FD91E12D89100821912 /* AddTimeViewController.swift */; };
		E72678091E0C79A80078CE5A /* New.png in Resources */ = {isa = PBXBuildFile; fileRef = E72678081E0C79A80078CE5A /* New.png */; };
		E7C9CF3C1E08FD12003D9ABC /* AppDelegate.swift in Sources */ = {isa = PBXBuildFile; fileRef = E7C9CF3B1E08FD12003D9ABC /* AppDelegate.swift */; };
		E7C9CF3E1E08FD12003D9ABC /* ViewController.swift in Sources */ = {isa = PBXBuildFile; fileRef = E7C9CF3D1E08FD12003D9ABC /* ViewController.swift */; };
		E7C9CF411E08FD12003D9ABC /* Main.storyboard in Resources */ = {isa = PBXBuildFile; fileRef = E7C9CF3F1E08FD12003D9ABC /* Main.storyboard */; };
		E7C9CF431E08FD12003D9ABC /* Assets.xcassets in Resources */ = {isa = PBXBuildFile; fileRef = E7C9CF421E08FD12003D9ABC /* Assets.xcassets */; };
		E7C9CF461E08FD12003D9ABC /* LaunchScreen.storyboard in Resources */ = {isa = PBXBuildFile; fileRef = E7C9CF441E08FD12003D9ABC /* LaunchScreen.storyboard */; };
		E7E32EEA1E0E2B410054AD12 /* Task.swift in Sources */ = {isa = PBXBuildFile; fileRef = E7E32EE91E0E2B410054AD12 /* Task.swift */; };
		E7E32EEC1E0E2B890054AD12 /* NewTaskCell.swift in Sources */ = {isa = PBXBuildFile; fileRef = E7E32EEB1E0E2B890054AD12 /* NewTaskCell.swift */; };
		E7E32EEF1E0E2B9A0054AD12 /* TaskCell.swift in Sources */ = {isa = PBXBuildFile; fileRef = E7E32EEE1E0E2B9A0054AD12 /* TaskCell.swift */; };
		E7E32EF11E0E2BA50054AD12 /* TaskDetailCell.swift in Sources */ = {isa = PBXBuildFile; fileRef = E7E32EF01E0E2BA50054AD12 /* TaskDetailCell.swift */; };
		E7E32EF31E0E2BE70054AD12 /* Formatting.swift in Sources */ = {isa = PBXBuildFile; fileRef = E7E32EF21E0E2BE70054AD12 /* Formatting.swift */; };
		E7E32EF51E0E2C0F0054AD12 /* Colors.swift in Sources */ = {isa = PBXBuildFile; fileRef = E7E32EF41E0E2C0F0054AD12 /* Colors.swift */; };
		E7E32F151E0E391C0054AD12 /* SQLite.framework in Frameworks */ = {isa = PBXBuildFile; fileRef = E7E32F021E0E386D0054AD12 /* SQLite.framework */; };
		E7E32F161E0E391C0054AD12 /* SQLite.framework in Embed Frameworks */ = {isa = PBXBuildFile; fileRef = E7E32F021E0E386D0054AD12 /* SQLite.framework */; settings = {ATTRIBUTES = (CodeSignOnCopy, RemoveHeadersOnCopy, ); }; };
		E7E32F1B1E0E39570054AD12 /* Persistence.swift in Sources */ = {isa = PBXBuildFile; fileRef = E7E32F1A1E0E39570054AD12 /* Persistence.swift */; };
		E7E32F1E1E0F4F3B0054AD12 /* Duration.swift in Sources */ = {isa = PBXBuildFile; fileRef = E7E32F1D1E0F4F3A0054AD12 /* Duration.swift */; };
/* End PBXBuildFile section */

/* Begin PBXContainerItemProxy section */
		E7E32F011E0E386D0054AD12 /* PBXContainerItemProxy */ = {
			isa = PBXContainerItemProxy;
			containerPortal = E7E32EF71E0E386D0054AD12 /* SQLite.xcodeproj */;
			proxyType = 2;
			remoteGlobalIDString = EE247AD31C3F04ED00AE3E12;
			remoteInfo = "SQLite iOS";
		};
		E7E32F031E0E386D0054AD12 /* PBXContainerItemProxy */ = {
			isa = PBXContainerItemProxy;
			containerPortal = E7E32EF71E0E386D0054AD12 /* SQLite.xcodeproj */;
			proxyType = 2;
			remoteGlobalIDString = EE247ADD1C3F04ED00AE3E12;
			remoteInfo = "SQLiteTests iOS";
		};
		E7E32F051E0E386D0054AD12 /* PBXContainerItemProxy */ = {
			isa = PBXContainerItemProxy;
			containerPortal = E7E32EF71E0E386D0054AD12 /* SQLite.xcodeproj */;
			proxyType = 2;
			remoteGlobalIDString = EE247B3C1C3F3ED000AE3E12;
			remoteInfo = "SQLite Mac";
		};
		E7E32F071E0E386D0054AD12 /* PBXContainerItemProxy */ = {
			isa = PBXContainerItemProxy;
			containerPortal = E7E32EF71E0E386D0054AD12 /* SQLite.xcodeproj */;
			proxyType = 2;
			remoteGlobalIDString = EE247B451C3F3ED000AE3E12;
			remoteInfo = "SQLiteTests Mac";
		};
		E7E32F091E0E386D0054AD12 /* PBXContainerItemProxy */ = {
			isa = PBXContainerItemProxy;
			containerPortal = E7E32EF71E0E386D0054AD12 /* SQLite.xcodeproj */;
			proxyType = 2;
			remoteGlobalIDString = 03A65E5A1C6BB0F50062603F;
			remoteInfo = "SQLite tvOS";
		};
		E7E32F0B1E0E386D0054AD12 /* PBXContainerItemProxy */ = {
			isa = PBXContainerItemProxy;
			containerPortal = E7E32EF71E0E386D0054AD12 /* SQLite.xcodeproj */;
			proxyType = 2;
			remoteGlobalIDString = 03A65E631C6BB0F60062603F;
			remoteInfo = "SQLiteTests tvOS";
		};
		E7E32F0D1E0E386D0054AD12 /* PBXContainerItemProxy */ = {
			isa = PBXContainerItemProxy;
			containerPortal = E7E32EF71E0E386D0054AD12 /* SQLite.xcodeproj */;
			proxyType = 2;
			remoteGlobalIDString = A121AC451CA35C79005A31D1;
			remoteInfo = "SQLite watchOS";
		};
		E7E32F171E0E391C0054AD12 /* PBXContainerItemProxy */ = {
			isa = PBXContainerItemProxy;
			containerPortal = E7E32EF71E0E386D0054AD12 /* SQLite.xcodeproj */;
			proxyType = 1;
			remoteGlobalIDString = EE247AD21C3F04ED00AE3E12;
			remoteInfo = "SQLite iOS";
		};
/* End PBXContainerItemProxy section */

/* Begin PBXCopyFilesBuildPhase section */
		E7E32F191E0E391C0054AD12 /* Embed Frameworks */ = {
			isa = PBXCopyFilesBuildPhase;
			buildActionMask = 2147483647;
			dstPath = "";
			dstSubfolderSpec = 10;
			files = (
				E7E32F161E0E391C0054AD12 /* SQLite.framework in Embed Frameworks */,
			);
			name = "Embed Frameworks";
			runOnlyForDeploymentPostprocessing = 0;
		};
/* End PBXCopyFilesBuildPhase section */

/* Begin PBXFileReference section */
		E710D6151E0B941F0009C12E /* Timer.png */ = {isa = PBXFileReference; lastKnownFileType = image.png; name = Timer.png; path = Images/Timer.png; sourceTree = "<group>"; };
		E7169FD91E12D89100821912 /* AddTimeViewController.swift */ = {isa = PBXFileReference; fileEncoding = 4; lastKnownFileType = sourcecode.swift; path = AddTimeViewController.swift; sourceTree = "<group>"; };
		E72678081E0C79A80078CE5A /* New.png */ = {isa = PBXFileReference; lastKnownFileType = image.png; name = New.png; path = Images/New.png; sourceTree = "<group>"; };
		E7C9CF381E08FD12003D9ABC /* Tally.app */ = {isa = PBXFileReference; explicitFileType = wrapper.application; includeInIndex = 0; path = Tally.app; sourceTree = BUILT_PRODUCTS_DIR; };
		E7C9CF3B1E08FD12003D9ABC /* AppDelegate.swift */ = {isa = PBXFileReference; lastKnownFileType = sourcecode.swift; path = AppDelegate.swift; sourceTree = "<group>"; };
		E7C9CF3D1E08FD12003D9ABC /* ViewController.swift */ = {isa = PBXFileReference; lastKnownFileType = sourcecode.swift; path = ViewController.swift; sourceTree = "<group>"; };
		E7C9CF401E08FD12003D9ABC /* Base */ = {isa = PBXFileReference; lastKnownFileType = file.storyboard; name = Base; path = Base.lproj/Main.storyboard; sourceTree = "<group>"; };
		E7C9CF421E08FD12003D9ABC /* Assets.xcassets */ = {isa = PBXFileReference; lastKnownFileType = folder.assetcatalog; path = Assets.xcassets; sourceTree = "<group>"; };
		E7C9CF451E08FD12003D9ABC /* Base */ = {isa = PBXFileReference; lastKnownFileType = file.storyboard; name = Base; path = Base.lproj/LaunchScreen.storyboard; sourceTree = "<group>"; };
		E7C9CF471E08FD12003D9ABC /* Info.plist */ = {isa = PBXFileReference; lastKnownFileType = text.plist.xml; path = Info.plist; sourceTree = "<group>"; };
		E7E32EE91E0E2B410054AD12 /* Task.swift */ = {isa = PBXFileReference; fileEncoding = 4; lastKnownFileType = sourcecode.swift; path = Task.swift; sourceTree = "<group>"; };
		E7E32EEB1E0E2B890054AD12 /* NewTaskCell.swift */ = {isa = PBXFileReference; fileEncoding = 4; lastKnownFileType = sourcecode.swift; path = NewTaskCell.swift; sourceTree = "<group>"; };
		E7E32EEE1E0E2B9A0054AD12 /* TaskCell.swift */ = {isa = PBXFileReference; fileEncoding = 4; lastKnownFileType = sourcecode.swift; path = TaskCell.swift; sourceTree = "<group>"; };
		E7E32EF01E0E2BA50054AD12 /* TaskDetailCell.swift */ = {isa = PBXFileReference; fileEncoding = 4; lastKnownFileType = sourcecode.swift; path = TaskDetailCell.swift; sourceTree = "<group>"; };
		E7E32EF21E0E2BE70054AD12 /* Formatting.swift */ = {isa = PBXFileReference; fileEncoding = 4; lastKnownFileType = sourcecode.swift; path = Formatting.swift; sourceTree = "<group>"; };
		E7E32EF41E0E2C0F0054AD12 /* Colors.swift */ = {isa = PBXFileReference; fileEncoding = 4; lastKnownFileType = sourcecode.swift; path = Colors.swift; sourceTree = "<group>"; };
		E7E32EF71E0E386D0054AD12 /* SQLite.xcodeproj */ = {isa = PBXFileReference; lastKnownFileType = "wrapper.pb-project"; name = SQLite.xcodeproj; path = SQLite/SQLite.xcodeproj; sourceTree = "<group>"; };
		E7E32F1A1E0E39570054AD12 /* Persistence.swift */ = {isa = PBXFileReference; fileEncoding = 4; lastKnownFileType = sourcecode.swift; path = Persistence.swift; sourceTree = "<group>"; };
		E7E32F1D1E0F4F3A0054AD12 /* Duration.swift */ = {isa = PBXFileReference; fileEncoding = 4; lastKnownFileType = sourcecode.swift; path = Duration.swift; sourceTree = "<group>"; };
/* End PBXFileReference section */

/* Begin PBXFrameworksBuildPhase section */
		E7C9CF351E08FD12003D9ABC /* Frameworks */ = {
			isa = PBXFrameworksBuildPhase;
			buildActionMask = 2147483647;
			files = (
				E7E32F151E0E391C0054AD12 /* SQLite.framework in Frameworks */,
			);
			runOnlyForDeploymentPostprocessing = 0;
		};
/* End PBXFrameworksBuildPhase section */

/* Begin PBXGroup section */
		E7169FE11E12D8A400821912 /* Controllers */ = {
			isa = PBXGroup;
			children = (
				E7C9CF3D1E08FD12003D9ABC /* ViewController.swift */,
				E7169FD91E12D89100821912 /* AddTimeViewController.swift */,
			);
			name = Controllers;
			sourceTree = "<group>";
		};
		E7C9CF2F1E08FD12003D9ABC = {
			isa = PBXGroup;
			children = (
				E7C9CF3A1E08FD12003D9ABC /* Tally */,
				E7C9CF391E08FD12003D9ABC /* Products */,
				E7E32EF71E0E386D0054AD12 /* SQLite.xcodeproj */,
			);
			sourceTree = "<group>";
		};
		E7C9CF391E08FD12003D9ABC /* Products */ = {
			isa = PBXGroup;
			children = (
				E7C9CF381E08FD12003D9ABC /* Tally.app */,
			);
			name = Products;
			sourceTree = "<group>";
		};
		E7C9CF3A1E08FD12003D9ABC /* Tally */ = {
			isa = PBXGroup;
			children = (
				E7169FE11E12D8A400821912 /* Controllers */,
				E7E32F1C1E0F4F2A0054AD12 /* Data Model */,
				E7E32EED1E0E2B8C0054AD12 /* Cells */,
				E7E32EF61E0E2C240054AD12 /* Util */,
				E7DE9E521E0A3FF9009BA639 /* Images */,
				E7C9CF3B1E08FD12003D9ABC /* AppDelegate.swift */,
				E7C9CF3F1E08FD12003D9ABC /* Main.storyboard */,
				E7C9CF441E08FD12003D9ABC /* LaunchScreen.storyboard */,
				E7C9CF421E08FD12003D9ABC /* Assets.xcassets */,
				E7C9CF471E08FD12003D9ABC /* Info.plist */,
			);
			path = Tally;
			sourceTree = "<group>";
		};
		E7DE9E521E0A3FF9009BA639 /* Images */ = {
			isa = PBXGroup;
			children = (
				E72678081E0C79A80078CE5A /* New.png */,
				E710D6151E0B941F0009C12E /* Timer.png */,
			);
			name = Images;
			sourceTree = "<group>";
		};
		E7E32EED1E0E2B8C0054AD12 /* Cells */ = {
			isa = PBXGroup;
			children = (
				E7E32EEE1E0E2B9A0054AD12 /* TaskCell.swift */,
				E7E32EF01E0E2BA50054AD12 /* TaskDetailCell.swift */,
				E7E32EEB1E0E2B890054AD12 /* NewTaskCell.swift */,
			);
			name = Cells;
			sourceTree = "<group>";
		};
		E7E32EF61E0E2C240054AD12 /* Util */ = {
			isa = PBXGroup;
			children = (
				E7E32EF41E0E2C0F0054AD12 /* Colors.swift */,
				E7E32EF21E0E2BE70054AD12 /* Formatting.swift */,
			);
			name = Util;
			sourceTree = "<group>";
		};
		E7E32EF81E0E386D0054AD12 /* Products */ = {
			isa = PBXGroup;
			children = (
				E7E32F021E0E386D0054AD12 /* SQLite.framework */,
				E7E32F041E0E386D0054AD12 /* SQLiteTests iOS.xctest */,
				E7E32F061E0E386D0054AD12 /* SQLite.framework */,
				E7E32F081E0E386D0054AD12 /* SQLiteTests Mac.xctest */,
				E7E32F0A1E0E386D0054AD12 /* SQLite.framework */,
				E7E32F0C1E0E386D0054AD12 /* SQLiteTests tvOS.xctest */,
				E7E32F0E1E0E386D0054AD12 /* SQLite.framework */,
			);
			name = Products;
			sourceTree = "<group>";
		};
		E7E32F1C1E0F4F2A0054AD12 /* Data Model */ = {
			isa = PBXGroup;
			children = (
				E7E32EE91E0E2B410054AD12 /* Task.swift */,
				E7E32F1D1E0F4F3A0054AD12 /* Duration.swift */,
				E7E32F1A1E0E39570054AD12 /* Persistence.swift */,
			);
			name = "Data Model";
			sourceTree = "<group>";
		};
/* End PBXGroup section */

/* Begin PBXNativeTarget section */
		E7C9CF371E08FD12003D9ABC /* Tally */ = {
			isa = PBXNativeTarget;
			buildConfigurationList = E7C9CF4A1E08FD13003D9ABC /* Build configuration list for PBXNativeTarget "Tally" */;
			buildPhases = (
				E7C9CF341E08FD12003D9ABC /* Sources */,
				E7C9CF351E08FD12003D9ABC /* Frameworks */,
				E7C9CF361E08FD12003D9ABC /* Resources */,
				E7E32F191E0E391C0054AD12 /* Embed Frameworks */,
			);
			buildRules = (
			);
			dependencies = (
				E7E32F181E0E391C0054AD12 /* PBXTargetDependency */,
			);
			name = Tally;
			productName = Tally;
			productReference = E7C9CF381E08FD12003D9ABC /* Tally.app */;
			productType = "com.apple.product-type.application";
		};
/* End PBXNativeTarget section */

/* Begin PBXProject section */
		E7C9CF301E08FD12003D9ABC /* Project object */ = {
			isa = PBXProject;
			attributes = {
				LastSwiftUpdateCheck = 0820;
				LastUpgradeCheck = 0820;
				ORGANIZATIONNAME = "Eric Fritz";
				TargetAttributes = {
					E7C9CF371E08FD12003D9ABC = {
						CreatedOnToolsVersion = 8.2;
						DevelopmentTeam = 2GZ8L27827;
						ProvisioningStyle = Automatic;
					};
				};
			};
			buildConfigurationList = E7C9CF331E08FD12003D9ABC /* Build configuration list for PBXProject "Tally" */;
			compatibilityVersion = "Xcode 3.2";
			developmentRegion = English;
			hasScannedForEncodings = 0;
			knownRegions = (
				en,
				Base,
			);
			mainGroup = E7C9CF2F1E08FD12003D9ABC;
			productRefGroup = E7C9CF391E08FD12003D9ABC /* Products */;
			projectDirPath = "";
			projectReferences = (
				{
					ProductGroup = E7E32EF81E0E386D0054AD12 /* Products */;
					ProjectRef = E7E32EF71E0E386D0054AD12 /* SQLite.xcodeproj */;
				},
			);
			projectRoot = "";
			targets = (
				E7C9CF371E08FD12003D9ABC /* Tally */,
			);
		};
/* End PBXProject section */

/* Begin PBXReferenceProxy section */
		E7E32F021E0E386D0054AD12 /* SQLite.framework */ = {
			isa = PBXReferenceProxy;
			fileType = wrapper.framework;
			path = SQLite.framework;
			remoteRef = E7E32F011E0E386D0054AD12 /* PBXContainerItemProxy */;
			sourceTree = BUILT_PRODUCTS_DIR;
		};
		E7E32F041E0E386D0054AD12 /* SQLiteTests iOS.xctest */ = {
			isa = PBXReferenceProxy;
			fileType = wrapper.cfbundle;
			path = "SQLiteTests iOS.xctest";
			remoteRef = E7E32F031E0E386D0054AD12 /* PBXContainerItemProxy */;
			sourceTree = BUILT_PRODUCTS_DIR;
		};
		E7E32F061E0E386D0054AD12 /* SQLite.framework */ = {
			isa = PBXReferenceProxy;
			fileType = wrapper.framework;
			path = SQLite.framework;
			remoteRef = E7E32F051E0E386D0054AD12 /* PBXContainerItemProxy */;
			sourceTree = BUILT_PRODUCTS_DIR;
		};
		E7E32F081E0E386D0054AD12 /* SQLiteTests Mac.xctest */ = {
			isa = PBXReferenceProxy;
			fileType = wrapper.cfbundle;
			path = "SQLiteTests Mac.xctest";
			remoteRef = E7E32F071E0E386D0054AD12 /* PBXContainerItemProxy */;
			sourceTree = BUILT_PRODUCTS_DIR;
		};
		E7E32F0A1E0E386D0054AD12 /* SQLite.framework */ = {
			isa = PBXReferenceProxy;
			fileType = wrapper.framework;
			path = SQLite.framework;
			remoteRef = E7E32F091E0E386D0054AD12 /* PBXContainerItemProxy */;
			sourceTree = BUILT_PRODUCTS_DIR;
		};
		E7E32F0C1E0E386D0054AD12 /* SQLiteTests tvOS.xctest */ = {
			isa = PBXReferenceProxy;
			fileType = wrapper.cfbundle;
			path = "SQLiteTests tvOS.xctest";
			remoteRef = E7E32F0B1E0E386D0054AD12 /* PBXContainerItemProxy */;
			sourceTree = BUILT_PRODUCTS_DIR;
		};
		E7E32F0E1E0E386D0054AD12 /* SQLite.framework */ = {
			isa = PBXReferenceProxy;
			fileType = wrapper.framework;
			path = SQLite.framework;
			remoteRef = E7E32F0D1E0E386D0054AD12 /* PBXContainerItemProxy */;
			sourceTree = BUILT_PRODUCTS_DIR;
		};
/* End PBXReferenceProxy section */

/* Begin PBXResourcesBuildPhase section */
		E7C9CF361E08FD12003D9ABC /* Resources */ = {
			isa = PBXResourcesBuildPhase;
			buildActionMask = 2147483647;
			files = (
				E7C9CF461E08FD12003D9ABC /* LaunchScreen.storyboard in Resources */,
				E710D6161E0B941F0009C12E /* Timer.png in Resources */,
				E7C9CF431E08FD12003D9ABC /* Assets.xcassets in Resources */,
				E72678091E0C79A80078CE5A /* New.png in Resources */,
				E7C9CF411E08FD12003D9ABC /* Main.storyboard in Resources */,
			);
			runOnlyForDeploymentPostprocessing = 0;
		};
/* End PBXResourcesBuildPhase section */

/* Begin PBXSourcesBuildPhase section */
		E7C9CF341E08FD12003D9ABC /* Sources */ = {
			isa = PBXSourcesBuildPhase;
			buildActionMask = 2147483647;
			files = (
				E7E32F1B1E0E39570054AD12 /* Persistence.swift in Sources */,
				E7C9CF3E1E08FD12003D9ABC /* ViewController.swift in Sources */,
				E7E32EF51E0E2C0F0054AD12 /* Colors.swift in Sources */,
				E7E32EF11E0E2BA50054AD12 /* TaskDetailCell.swift in Sources */,
				E7E32EEC1E0E2B890054AD12 /* NewTaskCell.swift in Sources */,
				E7E32F1E1E0F4F3B0054AD12 /* Duration.swift in Sources */,
				E7E32EEA1E0E2B410054AD12 /* Task.swift in Sources */,
				E7169FDA1E12D89100821912 /* AddTimeViewController.swift in Sources */,
				E7C9CF3C1E08FD12003D9ABC /* AppDelegate.swift in Sources */,
				E7E32EF31E0E2BE70054AD12 /* Formatting.swift in Sources */,
				E7E32EEF1E0E2B9A0054AD12 /* TaskCell.swift in Sources */,
			);
			runOnlyForDeploymentPostprocessing = 0;
		};
/* End PBXSourcesBuildPhase section */

/* Begin PBXTargetDependency section */
		E7E32F181E0E391C0054AD12 /* PBXTargetDependency */ = {
			isa = PBXTargetDependency;
			name = "SQLite iOS";
			targetProxy = E7E32F171E0E391C0054AD12 /* PBXContainerItemProxy */;
		};
/* End PBXTargetDependency section */

/* Begin PBXVariantGroup section */
		E7C9CF3F1E08FD12003D9ABC /* Main.storyboard */ = {
			isa = PBXVariantGroup;
			children = (
				E7C9CF401E08FD12003D9ABC /* Base */,
			);
			name = Main.storyboard;
			sourceTree = "<group>";
		};
		E7C9CF441E08FD12003D9ABC /* LaunchScreen.storyboard */ = {
			isa = PBXVariantGroup;
			children = (
				E7C9CF451E08FD12003D9ABC /* Base */,
			);
			name = LaunchScreen.storyboard;
			sourceTree = "<group>";
		};
/* End PBXVariantGroup section */

/* Begin XCBuildConfiguration section */
		E7C9CF481E08FD13003D9ABC /* Debug */ = {
			isa = XCBuildConfiguration;
			buildSettings = {
				ALWAYS_SEARCH_USER_PATHS = NO;
				CLANG_ANALYZER_NONNULL = YES;
				CLANG_CXX_LANGUAGE_STANDARD = "gnu++0x";
				CLANG_CXX_LIBRARY = "libc++";
				CLANG_ENABLE_MODULES = YES;
				CLANG_ENABLE_OBJC_ARC = YES;
				CLANG_WARN_BOOL_CONVERSION = YES;
				CLANG_WARN_CONSTANT_CONVERSION = YES;
				CLANG_WARN_DIRECT_OBJC_ISA_USAGE = YES_ERROR;
				CLANG_WARN_DOCUMENTATION_COMMENTS = YES;
				CLANG_WARN_EMPTY_BODY = YES;
				CLANG_WARN_ENUM_CONVERSION = YES;
				CLANG_WARN_INFINITE_RECURSION = YES;
				CLANG_WARN_INT_CONVERSION = YES;
				CLANG_WARN_OBJC_ROOT_CLASS = YES_ERROR;
				CLANG_WARN_SUSPICIOUS_MOVE = YES;
				CLANG_WARN_UNREACHABLE_CODE = YES;
				CLANG_WARN__DUPLICATE_METHOD_MATCH = YES;
				"CODE_SIGN_IDENTITY[sdk=iphoneos*]" = "iPhone Developer";
				COPY_PHASE_STRIP = NO;
				DEBUG_INFORMATION_FORMAT = dwarf;
				ENABLE_STRICT_OBJC_MSGSEND = YES;
				ENABLE_TESTABILITY = YES;
				GCC_C_LANGUAGE_STANDARD = gnu99;
				GCC_DYNAMIC_NO_PIC = NO;
				GCC_NO_COMMON_BLOCKS = YES;
				GCC_OPTIMIZATION_LEVEL = 0;
				GCC_PREPROCESSOR_DEFINITIONS = (
					"DEBUG=1",
					"$(inherited)",
				);
				GCC_WARN_64_TO_32_BIT_CONVERSION = YES;
				GCC_WARN_ABOUT_RETURN_TYPE = YES_ERROR;
				GCC_WARN_UNDECLARED_SELECTOR = YES;
				GCC_WARN_UNINITIALIZED_AUTOS = YES_AGGRESSIVE;
				GCC_WARN_UNUSED_FUNCTION = YES;
				GCC_WARN_UNUSED_VARIABLE = YES;
				IPHONEOS_DEPLOYMENT_TARGET = 10.2;
				MTL_ENABLE_DEBUG_INFO = YES;
				ONLY_ACTIVE_ARCH = YES;
				SDKROOT = iphoneos;
				SWIFT_ACTIVE_COMPILATION_CONDITIONS = DEBUG;
				SWIFT_OPTIMIZATION_LEVEL = "-Onone";
			};
			name = Debug;
		};
		E7C9CF491E08FD13003D9ABC /* Release */ = {
			isa = XCBuildConfiguration;
			buildSettings = {
				ALWAYS_SEARCH_USER_PATHS = NO;
				CLANG_ANALYZER_NONNULL = YES;
				CLANG_CXX_LANGUAGE_STANDARD = "gnu++0x";
				CLANG_CXX_LIBRARY = "libc++";
				CLANG_ENABLE_MODULES = YES;
				CLANG_ENABLE_OBJC_ARC = YES;
				CLANG_WARN_BOOL_CONVERSION = YES;
				CLANG_WARN_CONSTANT_CONVERSION = YES;
				CLANG_WARN_DIRECT_OBJC_ISA_USAGE = YES_ERROR;
				CLANG_WARN_DOCUMENTATION_COMMENTS = YES;
				CLANG_WARN_EMPTY_BODY = YES;
				CLANG_WARN_ENUM_CONVERSION = YES;
				CLANG_WARN_INFINITE_RECURSION = YES;
				CLANG_WARN_INT_CONVERSION = YES;
				CLANG_WARN_OBJC_ROOT_CLASS = YES_ERROR;
				CLANG_WARN_SUSPICIOUS_MOVE = YES;
				CLANG_WARN_UNREACHABLE_CODE = YES;
				CLANG_WARN__DUPLICATE_METHOD_MATCH = YES;
				"CODE_SIGN_IDENTITY[sdk=iphoneos*]" = "iPhone Developer";
				COPY_PHASE_STRIP = NO;
				DEBUG_INFORMATION_FORMAT = "dwarf-with-dsym";
				ENABLE_NS_ASSERTIONS = NO;
				ENABLE_STRICT_OBJC_MSGSEND = YES;
				GCC_C_LANGUAGE_STANDARD = gnu99;
				GCC_NO_COMMON_BLOCKS = YES;
				GCC_WARN_64_TO_32_BIT_CONVERSION = YES;
				GCC_WARN_ABOUT_RETURN_TYPE = YES_ERROR;
				GCC_WARN_UNDECLARED_SELECTOR = YES;
				GCC_WARN_UNINITIALIZED_AUTOS = YES_AGGRESSIVE;
				GCC_WARN_UNUSED_FUNCTION = YES;
				GCC_WARN_UNUSED_VARIABLE = YES;
				IPHONEOS_DEPLOYMENT_TARGET = 10.2;
				MTL_ENABLE_DEBUG_INFO = NO;
				SDKROOT = iphoneos;
				SWIFT_OPTIMIZATION_LEVEL = "-Owholemodule";
				VALIDATE_PRODUCT = YES;
			};
			name = Release;
		};
		E7C9CF4B1E08FD13003D9ABC /* Debug */ = {
			isa = XCBuildConfiguration;
			buildSettings = {
				ALWAYS_EMBED_SWIFT_STANDARD_LIBRARIES = YES;
				ASSETCATALOG_COMPILER_APPICON_NAME = AppIcon;
				"CODE_SIGN_IDENTITY[sdk=iphoneos*]" = "iPhone Developer";
				DEVELOPMENT_TEAM = 2GZ8L27827;
				INFOPLIST_FILE = Tally/Info.plist;
				LD_RUNPATH_SEARCH_PATHS = "$(inherited) @executable_path/Frameworks";
				PRODUCT_BUNDLE_IDENTIFIER = com.kauridev.Tally;
				PRODUCT_NAME = "$(TARGET_NAME)";
				SWIFT_VERSION = 3.0;
			};
			name = Debug;
		};
		E7C9CF4C1E08FD13003D9ABC /* Release */ = {
			isa = XCBuildConfiguration;
			buildSettings = {
				ALWAYS_EMBED_SWIFT_STANDARD_LIBRARIES = YES;
				ASSETCATALOG_COMPILER_APPICON_NAME = AppIcon;
				"CODE_SIGN_IDENTITY[sdk=iphoneos*]" = "iPhone Developer";
				DEVELOPMENT_TEAM = 2GZ8L27827;
				INFOPLIST_FILE = Tally/Info.plist;
				LD_RUNPATH_SEARCH_PATHS = "$(inherited) @executable_path/Frameworks";
				PRODUCT_BUNDLE_IDENTIFIER = com.kauridev.Tally;
				PRODUCT_NAME = "$(TARGET_NAME)";
				SWIFT_VERSION = 3.0;
			};
			name = Release;
		};
/* End XCBuildConfiguration section */

/* Begin XCConfigurationList section */
		E7C9CF331E08FD12003D9ABC /* Build configuration list for PBXProject "Tally" */ = {
			isa = XCConfigurationList;
			buildConfigurations = (
				E7C9CF481E08FD13003D9ABC /* Debug */,
				E7C9CF491E08FD13003D9ABC /* Release */,
			);
			defaultConfigurationIsVisible = 0;
			defaultConfigurationName = Release;
		};
		E7C9CF4A1E08FD13003D9ABC /* Build configuration list for PBXNativeTarget "Tally" */ = {
			isa = XCConfigurationList;
			buildConfigurations = (
				E7C9CF4B1E08FD13003D9ABC /* Debug */,
				E7C9CF4C1E08FD13003D9ABC /* Release */,
			);
			defaultConfigurationIsVisible = 0;
			defaultConfigurationName = Release;
		};
/* End XCConfigurationList section */
	};
	rootObject = E7C9CF301E08FD12003D9ABC /* Project object */;
}
